
Microsoft Visual Studio Solution File, Format Version 12.00
# Visual Studio 15
VisualStudioVersion = 15.0.28307.136
MinimumVisualStudioVersion = 10.0.40219.1
Project("{FAE04EC0-301F-11D3-BF4B-00C04F79EFBC}") = "Stacks", "Stacks\Stacks.csproj", "{1C7E9512-6903-4344-8C20-97C4C5742A42}"
EndProject
Global
	GlobalSection(SolutionConfigurationPlatforms) = preSolution
		Debug|Any CPU = Debug|Any CPU
		Release|Any CPU = Release|Any CPU
	EndGlobalSection
	GlobalSection(ProjectConfigurationPlatforms) = postSolution
		{1C7E9512-6903-4344-8C20-97C4C5742A42}.Debug|Any CPU.ActiveCfg = Debug|Any CPU
		{1C7E9512-6903-4344-8C20-97C4C5742A42}.Debug|Any CPU.Build.0 = Debug|Any CPU
		{1C7E9512-6903-4344-8C20-97C4C5742A42}.Release|Any CPU.ActiveCfg = Release|Any CPU
		{1C7E9512-6903-4344-8C20-97C4C5742A42}.Release|Any CPU.Build.0 = Release|Any CPU
	EndGlobalSection
	GlobalSection(SolutionProperties) = preSolution
		HideSolutionNode = FALSE
	EndGlobalSection
	GlobalSection(ExtensibilityGlobals) = postSolution
		SolutionGuid = {C62E0041-A516-4C6A-B53E-5EA9BE09A935}
	EndGlobalSection
EndGlobal
