
Microsoft Visual Studio Solution File, Format Version 12.00
# Visual Studio 15
VisualStudioVersion = 15.0.28307.136
MinimumVisualStudioVersion = 10.0.40219.1
Project("{FAE04EC0-301F-11D3-BF4B-00C04F79EFBC}") = "OOPTema4", "OOPTema4\OOPTema4.csproj", "{3A2A0649-2171-4310-9B17-0B34B2E9F6CC}"
EndProject
Global
	GlobalSection(SolutionConfigurationPlatforms) = preSolution
		Debug|Any CPU = Debug|Any CPU
		Release|Any CPU = Release|Any CPU
	EndGlobalSection
	GlobalSection(ProjectConfigurationPlatforms) = postSolution
		{3A2A0649-2171-4310-9B17-0B34B2E9F6CC}.Debug|Any CPU.ActiveCfg = Debug|Any CPU
		{3A2A0649-2171-4310-9B17-0B34B2E9F6CC}.Debug|Any CPU.Build.0 = Debug|Any CPU
		{3A2A0649-2171-4310-9B17-0B34B2E9F6CC}.Release|Any CPU.ActiveCfg = Release|Any CPU
		{3A2A0649-2171-4310-9B17-0B34B2E9F6CC}.Release|Any CPU.Build.0 = Release|Any CPU
	EndGlobalSection
	GlobalSection(SolutionProperties) = preSolution
		HideSolutionNode = FALSE
	EndGlobalSection
	GlobalSection(ExtensibilityGlobals) = postSolution
		SolutionGuid = {ED457730-69D9-4926-813F-2265F3F28CD6}
	EndGlobalSection
EndGlobal
