
Microsoft Visual Studio Solution File, Format Version 12.00
# Visual Studio 15
VisualStudioVersion = 15.0.28307.136
MinimumVisualStudioVersion = 10.0.40219.1
Project("{FAE04EC0-301F-11D3-BF4B-00C04F79EFBC}") = "PizzaApp", "PizzaApp\PizzaApp.csproj", "{DA089DF5-9ABD-4608-9E5E-6D9A8C4902A0}"
EndProject
Global
	GlobalSection(SolutionConfigurationPlatforms) = preSolution
		Debug|Any CPU = Debug|Any CPU
		Release|Any CPU = Release|Any CPU
	EndGlobalSection
	GlobalSection(ProjectConfigurationPlatforms) = postSolution
		{DA089DF5-9ABD-4608-9E5E-6D9A8C4902A0}.Debug|Any CPU.ActiveCfg = Debug|Any CPU
		{DA089DF5-9ABD-4608-9E5E-6D9A8C4902A0}.Debug|Any CPU.Build.0 = Debug|Any CPU
		{DA089DF5-9ABD-4608-9E5E-6D9A8C4902A0}.Release|Any CPU.ActiveCfg = Release|Any CPU
		{DA089DF5-9ABD-4608-9E5E-6D9A8C4902A0}.Release|Any CPU.Build.0 = Release|Any CPU
	EndGlobalSection
	GlobalSection(SolutionProperties) = preSolution
		HideSolutionNode = FALSE
	EndGlobalSection
	GlobalSection(ExtensibilityGlobals) = postSolution
		SolutionGuid = {88E716CD-F100-4F3A-949B-21C49539E9DA}
	EndGlobalSection
EndGlobal
