
Microsoft Visual Studio Solution File, Format Version 12.00
# Visual Studio 15
VisualStudioVersion = 15.0.28307.136
MinimumVisualStudioVersion = 10.0.40219.1
Project("{FAE04EC0-301F-11D3-BF4B-00C04F79EFBC}") = "LibraryApp2.0", "LibraryApp2.0\LibraryApp2.0.csproj", "{3A50216D-06D1-48CD-B968-A98EA3B08875}"
EndProject
Global
	GlobalSection(SolutionConfigurationPlatforms) = preSolution
		Debug|Any CPU = Debug|Any CPU
		Release|Any CPU = Release|Any CPU
	EndGlobalSection
	GlobalSection(ProjectConfigurationPlatforms) = postSolution
		{3A50216D-06D1-48CD-B968-A98EA3B08875}.Debug|Any CPU.ActiveCfg = Debug|Any CPU
		{3A50216D-06D1-48CD-B968-A98EA3B08875}.Debug|Any CPU.Build.0 = Debug|Any CPU
		{3A50216D-06D1-48CD-B968-A98EA3B08875}.Release|Any CPU.ActiveCfg = Release|Any CPU
		{3A50216D-06D1-48CD-B968-A98EA3B08875}.Release|Any CPU.Build.0 = Release|Any CPU
	EndGlobalSection
	GlobalSection(SolutionProperties) = preSolution
		HideSolutionNode = FALSE
	EndGlobalSection
	GlobalSection(ExtensibilityGlobals) = postSolution
		SolutionGuid = {A6C855BF-6E52-455A-9CF5-93F80CC2EA8A}
	EndGlobalSection
EndGlobal
